
Microsoft Visual Studio Solution File, Format Version 12.00
# Visual Studio 2012
Project("{FAE04EC0-301F-11D3-BF4B-00C04F79EFBC}") = "TokED", "TokED\TokED.csproj", "{73FD0094-FF12-463A-8797-4D1BE91ED1CD}"
EndProject
Project("{FAE04EC0-301F-11D3-BF4B-00C04F79EFBC}") = "TokGL", "TokGL\TokGL.csproj", "{32A134D1-946B-4BE9-8997-C27946B11FD8}"
EndProject
Project("{FAE04EC0-301F-11D3-BF4B-00C04F79EFBC}") = "PluginBase", "PluginBase\PluginBase.csproj", "{2E02FEBB-1B57-44E8-A8A6-C3804B122589}"
EndProject
Project("{2150E333-8FDC-42A3-9474-1A3956D46DE8}") = "Solution Items", "Solution Items", "{8E93C810-F8FB-4D16-AFB7-1A42FA47B789}"
	ProjectSection(SolutionItems) = preProject
		ReadMe.md = ReadMe.md
	EndProjectSection
EndProject
Global
	GlobalSection(SolutionConfigurationPlatforms) = preSolution
		Debug|Any CPU = Debug|Any CPU
		Release|Any CPU = Release|Any CPU
	EndGlobalSection
	GlobalSection(ProjectConfigurationPlatforms) = postSolution
		{73FD0094-FF12-463A-8797-4D1BE91ED1CD}.Debug|Any CPU.ActiveCfg = Debug|Any CPU
		{73FD0094-FF12-463A-8797-4D1BE91ED1CD}.Debug|Any CPU.Build.0 = Debug|Any CPU
		{73FD0094-FF12-463A-8797-4D1BE91ED1CD}.Release|Any CPU.ActiveCfg = Release|Any CPU
		{73FD0094-FF12-463A-8797-4D1BE91ED1CD}.Release|Any CPU.Build.0 = Release|Any CPU
		{32A134D1-946B-4BE9-8997-C27946B11FD8}.Debug|Any CPU.ActiveCfg = Debug|Any CPU
		{32A134D1-946B-4BE9-8997-C27946B11FD8}.Debug|Any CPU.Build.0 = Debug|Any CPU
		{32A134D1-946B-4BE9-8997-C27946B11FD8}.Release|Any CPU.ActiveCfg = Release|Any CPU
		{32A134D1-946B-4BE9-8997-C27946B11FD8}.Release|Any CPU.Build.0 = Release|Any CPU
		{2E02FEBB-1B57-44E8-A8A6-C3804B122589}.Debug|Any CPU.ActiveCfg = Debug|Any CPU
		{2E02FEBB-1B57-44E8-A8A6-C3804B122589}.Debug|Any CPU.Build.0 = Debug|Any CPU
		{2E02FEBB-1B57-44E8-A8A6-C3804B122589}.Release|Any CPU.ActiveCfg = Release|Any CPU
		{2E02FEBB-1B57-44E8-A8A6-C3804B122589}.Release|Any CPU.Build.0 = Release|Any CPU
	EndGlobalSection
	GlobalSection(SolutionProperties) = preSolution
		HideSolutionNode = FALSE
	EndGlobalSection
EndGlobal
